// !$*UTF8*$!
{
	archiveVersion = 1;
	classes = {
	};
	objectVersion = 50;
	objects = {

/* Begin PBXBuildFile section */
		0651C0E0210AAF7600204AEE /* AppDelegate.m in Sources */ = {isa = PBXBuildFile; fileRef = 0651C0DF210AAF7600204AEE /* AppDelegate.m */; };
		0651C0E6210AAF7600204AEE /* Main.storyboard in Resources */ = {isa = PBXBuildFile; fileRef = 0651C0E4210AAF7600204AEE /* Main.storyboard */; };
		0651C0E8210AAF7800204AEE /* Assets.xcassets in Resources */ = {isa = PBXBuildFile; fileRef = 0651C0E7210AAF7800204AEE /* Assets.xcassets */; };
		0651C0EB210AAF7800204AEE /* LaunchScreen.storyboard in Resources */ = {isa = PBXBuildFile; fileRef = 0651C0E9210AAF7800204AEE /* LaunchScreen.storyboard */; };
		0651C0EE210AAF7800204AEE /* main.m in Sources */ = {isa = PBXBuildFile; fileRef = 0651C0ED210AAF7800204AEE /* main.m */; };
		0651C0F8210AAF7800204AEE /* NinePhotoDemoTests.m in Sources */ = {isa = PBXBuildFile; fileRef = 0651C0F7210AAF7800204AEE /* NinePhotoDemoTests.m */; };
		0651C103210AAF7800204AEE /* NinePhotoDemoUITests.m in Sources */ = {isa = PBXBuildFile; fileRef = 0651C102210AAF7800204AEE /* NinePhotoDemoUITests.m */; };
		0651C113210AAFEA00204AEE /* HobenNinePhotoCell.m in Sources */ = {isa = PBXBuildFile; fileRef = 0651C112210AAFEA00204AEE /* HobenNinePhotoCell.m */; };
		0651C115210AB43700204AEE /* ViewController.m in Sources */ = {isa = PBXBuildFile; fileRef = 0651C114210AB43700204AEE /* ViewController.m */; };
		0651C119210AB89900204AEE /* HobenNinePhotoView.m in Sources */ = {isa = PBXBuildFile; fileRef = 0651C118210AB89900204AEE /* HobenNinePhotoView.m */; };
		0651C11C210AC26900204AEE /* HobenInfoCell.m in Sources */ = {isa = PBXBuildFile; fileRef = 0651C11B210AC26900204AEE /* HobenInfoCell.m */; };
		1CF002EA0B83D25F469A5C0F /* libPods-NinePhotoDemo.a in Frameworks */ = {isa = PBXBuildFile; fileRef = 7CE97FECE6FF6954094EDD73 /* libPods-NinePhotoDemo.a */; };
/* End PBXBuildFile section */

/* Begin PBXContainerItemProxy section */
		0651C0F4210AAF7800204AEE /* PBXContainerItemProxy */ = {
			isa = PBXContainerItemProxy;
			containerPortal = 0651C0D3210AAF7600204AEE /* Project object */;
			proxyType = 1;
			remoteGlobalIDString = 0651C0DA210AAF7600204AEE;
			remoteInfo = NinePhotoDemo;
		};
		0651C0FF210AAF7800204AEE /* PBXContainerItemProxy */ = {
			isa = PBXContainerItemProxy;
			containerPortal = 0651C0D3210AAF7600204AEE /* Project object */;
			proxyType = 1;
			remoteGlobalIDString = 0651C0DA210AAF7600204AEE;
			remoteInfo = NinePhotoDemo;
		};
/* End PBXContainerItemProxy section */

/* Begin PBXFileReference section */
		0651C0DB210AAF7600204AEE /* NinePhotoDemo.app */ = {isa = PBXFileReference; explicitFileType = wrapper.application; includeInIndex = 0; path = NinePhotoDemo.app; sourceTree = BUILT_PRODUCTS_DIR; };
		0651C0DE210AAF7600204AEE /* AppDelegate.h */ = {isa = PBXFileReference; lastKnownFileType = sourcecode.c.h; path = AppDelegate.h; sourceTree = "<group>"; };
		0651C0DF210AAF7600204AEE /* AppDelegate.m */ = {isa = PBXFileReference; lastKnownFileType = sourcecode.c.objc; path = AppDelegate.m; sourceTree = "<group>"; };
		0651C0E1210AAF7600204AEE /* ViewController.h */ = {isa = PBXFileReference; lastKnownFileType = sourcecode.c.h; path = ViewController.h; sourceTree = "<group>"; };
		0651C0E5210AAF7600204AEE /* Base */ = {isa = PBXFileReference; lastKnownFileType = file.storyboard; name = Base; path = Base.lproj/Main.storyboard; sourceTree = "<group>"; };
		0651C0E7210AAF7800204AEE /* Assets.xcassets */ = {isa = PBXFileReference; lastKnownFileType = folder.assetcatalog; path = Assets.xcassets; sourceTree = "<group>"; };
		0651C0EA210AAF7800204AEE /* Base */ = {isa = PBXFileReference; lastKnownFileType = file.storyboard; name = Base; path = Base.lproj/LaunchScreen.storyboard; sourceTree = "<group>"; };
		0651C0EC210AAF7800204AEE /* Info.plist */ = {isa = PBXFileReference; lastKnownFileType = text.plist.xml; path = Info.plist; sourceTree = "<group>"; };
		0651C0ED210AAF7800204AEE /* main.m */ = {isa = PBXFileReference; lastKnownFileType = sourcecode.c.objc; path = main.m; sourceTree = "<group>"; };
		0651C0F3210AAF7800204AEE /* NinePhotoDemoTests.xctest */ = {isa = PBXFileReference; explicitFileType = wrapper.cfbundle; includeInIndex = 0; path = NinePhotoDemoTests.xctest; sourceTree = BUILT_PRODUCTS_DIR; };
		0651C0F7210AAF7800204AEE /* NinePhotoDemoTests.m */ = {isa = PBXFileReference; lastKnownFileType = sourcecode.c.objc; path = NinePhotoDemoTests.m; sourceTree = "<group>"; };
		0651C0F9210AAF7800204AEE /* Info.plist */ = {isa = PBXFileReference; lastKnownFileType = text.plist.xml; path = Info.plist; sourceTree = "<group>"; };
		0651C0FE210AAF7800204AEE /* NinePhotoDemoUITests.xctest */ = {isa = PBXFileReference; explicitFileType = wrapper.cfbundle; includeInIndex = 0; path = NinePhotoDemoUITests.xctest; sourceTree = BUILT_PRODUCTS_DIR; };
		0651C102210AAF7800204AEE /* NinePhotoDemoUITests.m */ = {isa = PBXFileReference; lastKnownFileType = sourcecode.c.objc; path = NinePhotoDemoUITests.m; sourceTree = "<group>"; };
		0651C104210AAF7800204AEE /* Info.plist */ = {isa = PBXFileReference; lastKnownFileType = text.plist.xml; path = Info.plist; sourceTree = "<group>"; };
		0651C111210AAFEA00204AEE /* HobenNinePhotoCell.h */ = {isa = PBXFileReference; lastKnownFileType = sourcecode.c.h; path = HobenNinePhotoCell.h; sourceTree = "<group>"; };
		0651C112210AAFEA00204AEE /* HobenNinePhotoCell.m */ = {isa = PBXFileReference; lastKnownFileType = sourcecode.c.objc; path = HobenNinePhotoCell.m; sourceTree = "<group>"; };
		0651C114210AB43700204AEE /* ViewController.m */ = {isa = PBXFileReference; fileEncoding = 4; lastKnownFileType = sourcecode.c.objc; path = ViewController.m; sourceTree = "<group>"; };
		0651C117210AB89900204AEE /* HobenNinePhotoView.h */ = {isa = PBXFileReference; lastKnownFileType = sourcecode.c.h; path = HobenNinePhotoView.h; sourceTree = "<group>"; };
		0651C118210AB89900204AEE /* HobenNinePhotoView.m */ = {isa = PBXFileReference; lastKnownFileType = sourcecode.c.objc; path = HobenNinePhotoView.m; sourceTree = "<group>"; };
		0651C11A210AC26900204AEE /* HobenInfoCell.h */ = {isa = PBXFileReference; lastKnownFileType = sourcecode.c.h; path = HobenInfoCell.h; sourceTree = "<group>"; };
		0651C11B210AC26900204AEE /* HobenInfoCell.m */ = {isa = PBXFileReference; lastKnownFileType = sourcecode.c.objc; path = HobenInfoCell.m; sourceTree = "<group>"; };
		0B5222D80F22950C4A7F7DEE /* Pods-NinePhotoDemo.debug.xcconfig */ = {isa = PBXFileReference; includeInIndex = 1; lastKnownFileType = text.xcconfig; name = "Pods-NinePhotoDemo.debug.xcconfig"; path = "Pods/Target Support Files/Pods-NinePhotoDemo/Pods-NinePhotoDemo.debug.xcconfig"; sourceTree = "<group>"; };
		1CC6B981B93B03977CEBB2F8 /* Pods-NinePhotoDemo.release.xcconfig */ = {isa = PBXFileReference; includeInIndex = 1; lastKnownFileType = text.xcconfig; name = "Pods-NinePhotoDemo.release.xcconfig"; path = "Pods/Target Support Files/Pods-NinePhotoDemo/Pods-NinePhotoDemo.release.xcconfig"; sourceTree = "<group>"; };
		7CE97FECE6FF6954094EDD73 /* libPods-NinePhotoDemo.a */ = {isa = PBXFileReference; explicitFileType = archive.ar; includeInIndex = 0; path = "libPods-NinePhotoDemo.a"; sourceTree = BUILT_PRODUCTS_DIR; };
/* End PBXFileReference section */

/* Begin PBXFrameworksBuildPhase section */
		0651C0D8210AAF7600204AEE /* Frameworks */ = {
			isa = PBXFrameworksBuildPhase;
			buildActionMask = 2147483647;
			files = (
				1CF002EA0B83D25F469A5C0F /* libPods-NinePhotoDemo.a in Frameworks */,
			);
			runOnlyForDeploymentPostprocessing = 0;
		};
		0651C0F0210AAF7800204AEE /* Frameworks */ = {
			isa = PBXFrameworksBuildPhase;
			buildActionMask = 2147483647;
			files = (
			);
			runOnlyForDeploymentPostprocessing = 0;
		};
		0651C0FB210AAF7800204AEE /* Frameworks */ = {
			isa = PBXFrameworksBuildPhase;
			buildActionMask = 2147483647;
			files = (
			);
			runOnlyForDeploymentPostprocessing = 0;
		};
/* End PBXFrameworksBuildPhase section */

/* Begin PBXGroup section */
		0651C0D2210AAF7600204AEE = {
			isa = PBXGroup;
			children = (
				0651C0DD210AAF7600204AEE /* NinePhotoDemo */,
				0651C0F6210AAF7800204AEE /* NinePhotoDemoTests */,
				0651C101210AAF7800204AEE /* NinePhotoDemoUITests */,
				0651C0DC210AAF7600204AEE /* Products */,
				31F17AFE4BD392A6293552B3 /* Pods */,
				858A5062A3928091E614E0E8 /* Frameworks */,
			);
			sourceTree = "<group>";
		};
		0651C0DC210AAF7600204AEE /* Products */ = {
			isa = PBXGroup;
			children = (
				0651C0DB210AAF7600204AEE /* NinePhotoDemo.app */,
				0651C0F3210AAF7800204AEE /* NinePhotoDemoTests.xctest */,
				0651C0FE210AAF7800204AEE /* NinePhotoDemoUITests.xctest */,
			);
			name = Products;
			sourceTree = "<group>";
		};
		0651C0DD210AAF7600204AEE /* NinePhotoDemo */ = {
			isa = PBXGroup;
			children = (
				0651C116210AB84B00204AEE /* View */,
				0651C110210AAFA900204AEE /* Cell */,
				0651C0DE210AAF7600204AEE /* AppDelegate.h */,
				0651C0DF210AAF7600204AEE /* AppDelegate.m */,
				0651C0E1210AAF7600204AEE /* ViewController.h */,
				0651C0E4210AAF7600204AEE /* Main.storyboard */,
				0651C114210AB43700204AEE /* ViewController.m */,
				0651C0E7210AAF7800204AEE /* Assets.xcassets */,
				0651C0E9210AAF7800204AEE /* LaunchScreen.storyboard */,
				0651C0EC210AAF7800204AEE /* Info.plist */,
				0651C0ED210AAF7800204AEE /* main.m */,
			);
			path = NinePhotoDemo;
			sourceTree = "<group>";
		};
		0651C0F6210AAF7800204AEE /* NinePhotoDemoTests */ = {
			isa = PBXGroup;
			children = (
				0651C0F7210AAF7800204AEE /* NinePhotoDemoTests.m */,
				0651C0F9210AAF7800204AEE /* Info.plist */,
			);
			path = NinePhotoDemoTests;
			sourceTree = "<group>";
		};
		0651C101210AAF7800204AEE /* NinePhotoDemoUITests */ = {
			isa = PBXGroup;
			children = (
				0651C102210AAF7800204AEE /* NinePhotoDemoUITests.m */,
				0651C104210AAF7800204AEE /* Info.plist */,
			);
			path = NinePhotoDemoUITests;
			sourceTree = "<group>";
		};
		0651C110210AAFA900204AEE /* Cell */ = {
			isa = PBXGroup;
			children = (
				0651C11A210AC26900204AEE /* HobenInfoCell.h */,
				0651C11B210AC26900204AEE /* HobenInfoCell.m */,
				0651C111210AAFEA00204AEE /* HobenNinePhotoCell.h */,
				0651C112210AAFEA00204AEE /* HobenNinePhotoCell.m */,
			);
			path = Cell;
			sourceTree = "<group>";
		};
		0651C116210AB84B00204AEE /* View */ = {
			isa = PBXGroup;
			children = (
				0651C117210AB89900204AEE /* HobenNinePhotoView.h */,
				0651C118210AB89900204AEE /* HobenNinePhotoView.m */,
			);
			path = View;
			sourceTree = "<group>";
		};
		31F17AFE4BD392A6293552B3 /* Pods */ = {
			isa = PBXGroup;
			children = (
				0B5222D80F22950C4A7F7DEE /* Pods-NinePhotoDemo.debug.xcconfig */,
				1CC6B981B93B03977CEBB2F8 /* Pods-NinePhotoDemo.release.xcconfig */,
			);
			name = Pods;
			sourceTree = "<group>";
		};
		858A5062A3928091E614E0E8 /* Frameworks */ = {
			isa = PBXGroup;
			children = (
				7CE97FECE6FF6954094EDD73 /* libPods-NinePhotoDemo.a */,
			);
			name = Frameworks;
			sourceTree = "<group>";
		};
/* End PBXGroup section */

/* Begin PBXNativeTarget section */
		0651C0DA210AAF7600204AEE /* NinePhotoDemo */ = {
			isa = PBXNativeTarget;
			buildConfigurationList = 0651C107210AAF7800204AEE /* Build configuration list for PBXNativeTarget "NinePhotoDemo" */;
			buildPhases = (
				016CEB219BD8E79A2B83B61B /* [CP] Check Pods Manifest.lock */,
				0651C0D7210AAF7600204AEE /* Sources */,
				0651C0D8210AAF7600204AEE /* Frameworks */,
				0651C0D9210AAF7600204AEE /* Resources */,
			);
			buildRules = (
			);
			dependencies = (
			);
			name = NinePhotoDemo;
			productName = NinePhotoDemo;
			productReference = 0651C0DB210AAF7600204AEE /* NinePhotoDemo.app */;
			productType = "com.apple.product-type.application";
		};
		0651C0F2210AAF7800204AEE /* NinePhotoDemoTests */ = {
			isa = PBXNativeTarget;
			buildConfigurationList = 0651C10A210AAF7800204AEE /* Build configuration list for PBXNativeTarget "NinePhotoDemoTests" */;
			buildPhases = (
				0651C0EF210AAF7800204AEE /* Sources */,
				0651C0F0210AAF7800204AEE /* Frameworks */,
				0651C0F1210AAF7800204AEE /* Resources */,
			);
			buildRules = (
			);
			dependencies = (
				0651C0F5210AAF7800204AEE /* PBXTargetDependency */,
			);
			name = NinePhotoDemoTests;
			productName = NinePhotoDemoTests;
			productReference = 0651C0F3210AAF7800204AEE /* NinePhotoDemoTests.xctest */;
			productType = "com.apple.product-type.bundle.unit-test";
		};
		0651C0FD210AAF7800204AEE /* NinePhotoDemoUITests */ = {
			isa = PBXNativeTarget;
			buildConfigurationList = 0651C10D210AAF7800204AEE /* Build configuration list for PBXNativeTarget "NinePhotoDemoUITests" */;
			buildPhases = (
				0651C0FA210AAF7800204AEE /* Sources */,
				0651C0FB210AAF7800204AEE /* Frameworks */,
				0651C0FC210AAF7800204AEE /* Resources */,
			);
			buildRules = (
			);
			dependencies = (
				0651C100210AAF7800204AEE /* PBXTargetDependency */,
			);
			name = NinePhotoDemoUITests;
			productName = NinePhotoDemoUITests;
			productReference = 0651C0FE210AAF7800204AEE /* NinePhotoDemoUITests.xctest */;
			productType = "com.apple.product-type.bundle.ui-testing";
		};
/* End PBXNativeTarget section */

/* Begin PBXProject section */
		0651C0D3210AAF7600204AEE /* Project object */ = {
			isa = PBXProject;
			attributes = {
				LastUpgradeCheck = 0940;
				ORGANIZATIONNAME = "黄洪彬";
				TargetAttributes = {
					0651C0DA210AAF7600204AEE = {
						CreatedOnToolsVersion = 9.4.1;
					};
					0651C0F2210AAF7800204AEE = {
						CreatedOnToolsVersion = 9.4.1;
						TestTargetID = 0651C0DA210AAF7600204AEE;
					};
					0651C0FD210AAF7800204AEE = {
						CreatedOnToolsVersion = 9.4.1;
						TestTargetID = 0651C0DA210AAF7600204AEE;
					};
				};
			};
			buildConfigurationList = 0651C0D6210AAF7600204AEE /* Build configuration list for PBXProject "NinePhotoDemo" */;
			compatibilityVersion = "Xcode 9.3";
			developmentRegion = en;
			hasScannedForEncodings = 0;
			knownRegions = (
				en,
				Base,
			);
			mainGroup = 0651C0D2210AAF7600204AEE;
			productRefGroup = 0651C0DC210AAF7600204AEE /* Products */;
			projectDirPath = "";
			projectRoot = "";
			targets = (
				0651C0DA210AAF7600204AEE /* NinePhotoDemo */,
				0651C0F2210AAF7800204AEE /* NinePhotoDemoTests */,
				0651C0FD210AAF7800204AEE /* NinePhotoDemoUITests */,
			);
		};
/* End PBXProject section */

/* Begin PBXResourcesBuildPhase section */
		0651C0D9210AAF7600204AEE /* Resources */ = {
			isa = PBXResourcesBuildPhase;
			buildActionMask = 2147483647;
			files = (
				0651C0EB210AAF7800204AEE /* LaunchScreen.storyboard in Resources */,
				0651C0E8210AAF7800204AEE /* Assets.xcassets in Resources */,
				0651C0E6210AAF7600204AEE /* Main.storyboard in Resources */,
			);
			runOnlyForDeploymentPostprocessing = 0;
		};
		0651C0F1210AAF7800204AEE /* Resources */ = {
			isa = PBXResourcesBuildPhase;
			buildActionMask = 2147483647;
			files = (
			);
			runOnlyForDeploymentPostprocessing = 0;
		};
		0651C0FC210AAF7800204AEE /* Resources */ = {
			isa = PBXResourcesBuildPhase;
			buildActionMask = 2147483647;
			files = (
			);
			runOnlyForDeploymentPostprocessing = 0;
		};
/* End PBXResourcesBuildPhase section */

/* Begin PBXShellScriptBuildPhase section */
		016CEB219BD8E79A2B83B61B /* [CP] Check Pods Manifest.lock */ = {
			isa = PBXShellScriptBuildPhase;
			buildActionMask = 2147483647;
			files = (
			);
			inputPaths = (
				"${PODS_PODFILE_DIR_PATH}/Podfile.lock",
				"${PODS_ROOT}/Manifest.lock",
			);
			name = "[CP] Check Pods Manifest.lock";
			outputPaths = (
				"$(DERIVED_FILE_DIR)/Pods-NinePhotoDemo-checkManifestLockResult.txt",
			);
			runOnlyForDeploymentPostprocessing = 0;
			shellPath = /bin/sh;
			shellScript = "diff \"${PODS_PODFILE_DIR_PATH}/Podfile.lock\" \"${PODS_ROOT}/Manifest.lock\" > /dev/null\nif [ $? != 0 ] ; then\n    # print error to STDERR\n    echo \"error: The sandbox is not in sync with the Podfile.lock. Run 'pod install' or update your CocoaPods installation.\" >&2\n    exit 1\nfi\n# This output is used by Xcode 'outputs' to avoid re-running this script phase.\necho \"SUCCESS\" > \"${SCRIPT_OUTPUT_FILE_0}\"\n";
			showEnvVarsInLog = 0;
		};
/* End PBXShellScriptBuildPhase section */

/* Begin PBXSourcesBuildPhase section */
		0651C0D7210AAF7600204AEE /* Sources */ = {
			isa = PBXSourcesBuildPhase;
			buildActionMask = 2147483647;
			files = (
				0651C0EE210AAF7800204AEE /* main.m in Sources */,
				0651C0E0210AAF7600204AEE /* AppDelegate.m in Sources */,
				0651C11C210AC26900204AEE /* HobenInfoCell.m in Sources */,
				0651C119210AB89900204AEE /* HobenNinePhotoView.m in Sources */,
				0651C113210AAFEA00204AEE /* HobenNinePhotoCell.m in Sources */,
				0651C115210AB43700204AEE /* ViewController.m in Sources */,
			);
			runOnlyForDeploymentPostprocessing = 0;
		};
		0651C0EF210AAF7800204AEE /* Sources */ = {
			isa = PBXSourcesBuildPhase;
			buildActionMask = 2147483647;
			files = (
				0651C0F8210AAF7800204AEE /* NinePhotoDemoTests.m in Sources */,
			);
			runOnlyForDeploymentPostprocessing = 0;
		};
		0651C0FA210AAF7800204AEE /* Sources */ = {
			isa = PBXSourcesBuildPhase;
			buildActionMask = 2147483647;
			files = (
				0651C103210AAF7800204AEE /* NinePhotoDemoUITests.m in Sources */,
			);
			runOnlyForDeploymentPostprocessing = 0;
		};
/* End PBXSourcesBuildPhase section */

/* Begin PBXTargetDependency section */
		0651C0F5210AAF7800204AEE /* PBXTargetDependency */ = {
			isa = PBXTargetDependency;
			target = 0651C0DA210AAF7600204AEE /* NinePhotoDemo */;
			targetProxy = 0651C0F4210AAF7800204AEE /* PBXContainerItemProxy */;
		};
		0651C100210AAF7800204AEE /* PBXTargetDependency */ = {
			isa = PBXTargetDependency;
			target = 0651C0DA210AAF7600204AEE /* NinePhotoDemo */;
			targetProxy = 0651C0FF210AAF7800204AEE /* PBXContainerItemProxy */;
		};
/* End PBXTargetDependency section */

/* Begin PBXVariantGroup section */
		0651C0E4210AAF7600204AEE /* Main.storyboard */ = {
			isa = PBXVariantGroup;
			children = (
				0651C0E5210AAF7600204AEE /* Base */,
			);
			name = Main.storyboard;
			sourceTree = "<group>";
		};
		0651C0E9210AAF7800204AEE /* LaunchScreen.storyboard */ = {
			isa = PBXVariantGroup;
			children = (
				0651C0EA210AAF7800204AEE /* Base */,
			);
			name = LaunchScreen.storyboard;
			sourceTree = "<group>";
		};
/* End PBXVariantGroup section */

/* Begin XCBuildConfiguration section */
		0651C105210AAF7800204AEE /* Debug */ = {
			isa = XCBuildConfiguration;
			buildSettings = {
				ALWAYS_SEARCH_USER_PATHS = NO;
				CLANG_ANALYZER_NONNULL = YES;
				CLANG_ANALYZER_NUMBER_OBJECT_CONVERSION = YES_AGGRESSIVE;
				CLANG_CXX_LANGUAGE_STANDARD = "gnu++14";
				CLANG_CXX_LIBRARY = "libc++";
				CLANG_ENABLE_MODULES = YES;
				CLANG_ENABLE_OBJC_ARC = YES;
				CLANG_ENABLE_OBJC_WEAK = YES;
				CLANG_WARN_BLOCK_CAPTURE_AUTORELEASING = YES;
				CLANG_WARN_BOOL_CONVERSION = YES;
				CLANG_WARN_COMMA = YES;
				CLANG_WARN_CONSTANT_CONVERSION = YES;
				CLANG_WARN_DEPRECATED_OBJC_IMPLEMENTATIONS = YES;
				CLANG_WARN_DIRECT_OBJC_ISA_USAGE = YES_ERROR;
				CLANG_WARN_DOCUMENTATION_COMMENTS = YES;
				CLANG_WARN_EMPTY_BODY = YES;
				CLANG_WARN_ENUM_CONVERSION = YES;
				CLANG_WARN_INFINITE_RECURSION = YES;
				CLANG_WARN_INT_CONVERSION = YES;
				CLANG_WARN_NON_LITERAL_NULL_CONVERSION = YES;
				CLANG_WARN_OBJC_IMPLICIT_RETAIN_SELF = YES;
				CLANG_WARN_OBJC_LITERAL_CONVERSION = YES;
				CLANG_WARN_OBJC_ROOT_CLASS = YES_ERROR;
				CLANG_WARN_RANGE_LOOP_ANALYSIS = YES;
				CLANG_WARN_STRICT_PROTOTYPES = YES;
				CLANG_WARN_SUSPICIOUS_MOVE = YES;
				CLANG_WARN_UNGUARDED_AVAILABILITY = YES_AGGRESSIVE;
				CLANG_WARN_UNREACHABLE_CODE = YES;
				CLANG_WARN__DUPLICATE_METHOD_MATCH = YES;
				CODE_SIGN_IDENTITY = "iPhone Developer";
				COPY_PHASE_STRIP = NO;
				DEBUG_INFORMATION_FORMAT = dwarf;
				ENABLE_STRICT_OBJC_MSGSEND = YES;
				ENABLE_TESTABILITY = YES;
				GCC_C_LANGUAGE_STANDARD = gnu11;
				GCC_DYNAMIC_NO_PIC = NO;
				GCC_NO_COMMON_BLOCKS = YES;
				GCC_OPTIMIZATION_LEVEL = 0;
				GCC_PREPROCESSOR_DEFINITIONS = (
					"DEBUG=1",
					"$(inherited)",
				);
				GCC_WARN_64_TO_32_BIT_CONVERSION = YES;
				GCC_WARN_ABOUT_RETURN_TYPE = YES_ERROR;
				GCC_WARN_UNDECLARED_SELECTOR = YES;
				GCC_WARN_UNINITIALIZED_AUTOS = YES_AGGRESSIVE;
				GCC_WARN_UNUSED_FUNCTION = YES;
				GCC_WARN_UNUSED_VARIABLE = YES;
				IPHONEOS_DEPLOYMENT_TARGET = 11.4;
				MTL_ENABLE_DEBUG_INFO = YES;
				ONLY_ACTIVE_ARCH = YES;
				SDKROOT = iphoneos;
			};
			name = Debug;
		};
		0651C106210AAF7800204AEE /* Release */ = {
			isa = XCBuildConfiguration;
			buildSettings = {
				ALWAYS_SEARCH_USER_PATHS = NO;
				CLANG_ANALYZER_NONNULL = YES;
				CLANG_ANALYZER_NUMBER_OBJECT_CONVERSION = YES_AGGRESSIVE;
				CLANG_CXX_LANGUAGE_STANDARD = "gnu++14";
				CLANG_CXX_LIBRARY = "libc++";
				CLANG_ENABLE_MODULES = YES;
				CLANG_ENABLE_OBJC_ARC = YES;
				CLANG_ENABLE_OBJC_WEAK = YES;
				CLANG_WARN_BLOCK_CAPTURE_AUTORELEASING = YES;
				CLANG_WARN_BOOL_CONVERSION = YES;
				CLANG_WARN_COMMA = YES;
				CLANG_WARN_CONSTANT_CONVERSION = YES;
				CLANG_WARN_DEPRECATED_OBJC_IMPLEMENTATIONS = YES;
				CLANG_WARN_DIRECT_OBJC_ISA_USAGE = YES_ERROR;
				CLANG_WARN_DOCUMENTATION_COMMENTS = YES;
				CLANG_WARN_EMPTY_BODY = YES;
				CLANG_WARN_ENUM_CONVERSION = YES;
				CLANG_WARN_INFINITE_RECURSION = YES;
				CLANG_WARN_INT_CONVERSION = YES;
				CLANG_WARN_NON_LITERAL_NULL_CONVERSION = YES;
				CLANG_WARN_OBJC_IMPLICIT_RETAIN_SELF = YES;
				CLANG_WARN_OBJC_LITERAL_CONVERSION = YES;
				CLANG_WARN_OBJC_ROOT_CLASS = YES_ERROR;
				CLANG_WARN_RANGE_LOOP_ANALYSIS = YES;
				CLANG_WARN_STRICT_PROTOTYPES = YES;
				CLANG_WARN_SUSPICIOUS_MOVE = YES;
				CLANG_WARN_UNGUARDED_AVAILABILITY = YES_AGGRESSIVE;
				CLANG_WARN_UNREACHABLE_CODE = YES;
				CLANG_WARN__DUPLICATE_METHOD_MATCH = YES;
				CODE_SIGN_IDENTITY = "iPhone Developer";
				COPY_PHASE_STRIP = NO;
				DEBUG_INFORMATION_FORMAT = "dwarf-with-dsym";
				ENABLE_NS_ASSERTIONS = NO;
				ENABLE_STRICT_OBJC_MSGSEND = YES;
				GCC_C_LANGUAGE_STANDARD = gnu11;
				GCC_NO_COMMON_BLOCKS = YES;
				GCC_WARN_64_TO_32_BIT_CONVERSION = YES;
				GCC_WARN_ABOUT_RETURN_TYPE = YES_ERROR;
				GCC_WARN_UNDECLARED_SELECTOR = YES;
				GCC_WARN_UNINITIALIZED_AUTOS = YES_AGGRESSIVE;
				GCC_WARN_UNUSED_FUNCTION = YES;
				GCC_WARN_UNUSED_VARIABLE = YES;
				IPHONEOS_DEPLOYMENT_TARGET = 11.4;
				MTL_ENABLE_DEBUG_INFO = NO;
				SDKROOT = iphoneos;
				VALIDATE_PRODUCT = YES;
			};
			name = Release;
		};
		0651C108210AAF7800204AEE /* Debug */ = {
			isa = XCBuildConfiguration;
			baseConfigurationReference = 0B5222D80F22950C4A7F7DEE /* Pods-NinePhotoDemo.debug.xcconfig */;
			buildSettings = {
				ASSETCATALOG_COMPILER_APPICON_NAME = AppIcon;
				CODE_SIGN_STYLE = Automatic;
				DEVELOPMENT_TEAM = HHB3KYN63H;
				INFOPLIST_FILE = NinePhotoDemo/Info.plist;
				LD_RUNPATH_SEARCH_PATHS = (
					"$(inherited)",
					"@executable_path/Frameworks",
				);
				PRODUCT_BUNDLE_IDENTIFIER = com.pro.sysu.NinePhotoDemo;
				PRODUCT_NAME = "$(TARGET_NAME)";
				TARGETED_DEVICE_FAMILY = "1,2";
			};
			name = Debug;
		};
		0651C109210AAF7800204AEE /* Release */ = {
			isa = XCBuildConfiguration;
			baseConfigurationReference = 1CC6B981B93B03977CEBB2F8 /* Pods-NinePhotoDemo.release.xcconfig */;
			buildSettings = {
				ASSETCATALOG_COMPILER_APPICON_NAME = AppIcon;
				CODE_SIGN_STYLE = Automatic;
				DEVELOPMENT_TEAM = HHB3KYN63H;
				INFOPLIST_FILE = NinePhotoDemo/Info.plist;
				LD_RUNPATH_SEARCH_PATHS = (
					"$(inherited)",
					"@executable_path/Frameworks",
				);
				PRODUCT_BUNDLE_IDENTIFIER = com.pro.sysu.NinePhotoDemo;
				PRODUCT_NAME = "$(TARGET_NAME)";
				TARGETED_DEVICE_FAMILY = "1,2";
			};
			name = Release;
		};
		0651C10B210AAF7800204AEE /* Debug */ = {
			isa = XCBuildConfiguration;
			buildSettings = {
				BUNDLE_LOADER = "$(TEST_HOST)";
				CODE_SIGN_STYLE = Automatic;
				INFOPLIST_FILE = NinePhotoDemoTests/Info.plist;
				LD_RUNPATH_SEARCH_PATHS = (
					"$(inherited)",
					"@executable_path/Frameworks",
					"@loader_path/Frameworks",
				);
				PRODUCT_BUNDLE_IDENTIFIER = com.pro.sysu.NinePhotoDemoTests;
				PRODUCT_NAME = "$(TARGET_NAME)";
				TARGETED_DEVICE_FAMILY = "1,2";
				TEST_HOST = "$(BUILT_PRODUCTS_DIR)/NinePhotoDemo.app/NinePhotoDemo";
			};
			name = Debug;
		};
		0651C10C210AAF7800204AEE /* Release */ = {
			isa = XCBuildConfiguration;
			buildSettings = {
				BUNDLE_LOADER = "$(TEST_HOST)";
				CODE_SIGN_STYLE = Automatic;
				INFOPLIST_FILE = NinePhotoDemoTests/Info.plist;
				LD_RUNPATH_SEARCH_PATHS = (
					"$(inherited)",
					"@executable_path/Frameworks",
					"@loader_path/Frameworks",
				);
				PRODUCT_BUNDLE_IDENTIFIER = com.pro.sysu.NinePhotoDemoTests;
				PRODUCT_NAME = "$(TARGET_NAME)";
				TARGETED_DEVICE_FAMILY = "1,2";
				TEST_HOST = "$(BUILT_PRODUCTS_DIR)/NinePhotoDemo.app/NinePhotoDemo";
			};
			name = Release;
		};
		0651C10E210AAF7800204AEE /* Debug */ = {
			isa = XCBuildConfiguration;
			buildSettings = {
				CODE_SIGN_STYLE = Automatic;
				INFOPLIST_FILE = NinePhotoDemoUITests/Info.plist;
				LD_RUNPATH_SEARCH_PATHS = (
					"$(inherited)",
					"@executable_path/Frameworks",
					"@loader_path/Frameworks",
				);
				PRODUCT_BUNDLE_IDENTIFIER = com.pro.sysu.NinePhotoDemoUITests;
				PRODUCT_NAME = "$(TARGET_NAME)";
				TARGETED_DEVICE_FAMILY = "1,2";
				TEST_TARGET_NAME = NinePhotoDemo;
			};
			name = Debug;
		};
		0651C10F210AAF7800204AEE /* Release */ = {
			isa = XCBuildConfiguration;
			buildSettings = {
				CODE_SIGN_STYLE = Automatic;
				INFOPLIST_FILE = NinePhotoDemoUITests/Info.plist;
				LD_RUNPATH_SEARCH_PATHS = (
					"$(inherited)",
					"@executable_path/Frameworks",
					"@loader_path/Frameworks",
				);
				PRODUCT_BUNDLE_IDENTIFIER = com.pro.sysu.NinePhotoDemoUITests;
				PRODUCT_NAME = "$(TARGET_NAME)";
				TARGETED_DEVICE_FAMILY = "1,2";
				TEST_TARGET_NAME = NinePhotoDemo;
			};
			name = Release;
		};
/* End XCBuildConfiguration section */

/* Begin XCConfigurationList section */
		0651C0D6210AAF7600204AEE /* Build configuration list for PBXProject "NinePhotoDemo" */ = {
			isa = XCConfigurationList;
			buildConfigurations = (
				0651C105210AAF7800204AEE /* Debug */,
				0651C106210AAF7800204AEE /* Release */,
			);
			defaultConfigurationIsVisible = 0;
			defaultConfigurationName = Release;
		};
		0651C107210AAF7800204AEE /* Build configuration list for PBXNativeTarget "NinePhotoDemo" */ = {
			isa = XCConfigurationList;
			buildConfigurations = (
				0651C108210AAF7800204AEE /* Debug */,
				0651C109210AAF7800204AEE /* Release */,
			);
			defaultConfigurationIsVisible = 0;
			defaultConfigurationName = Release;
		};
		0651C10A210AAF7800204AEE /* Build configuration list for PBXNativeTarget "NinePhotoDemoTests" */ = {
			isa = XCConfigurationList;
			buildConfigurations = (
				0651C10B210AAF7800204AEE /* Debug */,
				0651C10C210AAF7800204AEE /* Release */,
			);
			defaultConfigurationIsVisible = 0;
			defaultConfigurationName = Release;
		};
		0651C10D210AAF7800204AEE /* Build configuration list for PBXNativeTarget "NinePhotoDemoUITests" */ = {
			isa = XCConfigurationList;
			buildConfigurations = (
				0651C10E210AAF7800204AEE /* Debug */,
				0651C10F210AAF7800204AEE /* Release */,
			);
			defaultConfigurationIsVisible = 0;
			defaultConfigurationName = Release;
		};
/* End XCConfigurationList section */
	};
	rootObject = 0651C0D3210AAF7600204AEE /* Project object */;
}
